// !$*UTF8*$!
{
	archiveVersion = 1;
	classes = {
	};
	objectVersion = 48;
	objects = {

/* Begin PBXBuildFile section */
		576E1A881F95EF5700217B86 /* AppDelegate.swift in Sources */ = {isa = PBXBuildFile; fileRef = 576E1A871F95EF5700217B86 /* AppDelegate.swift */; };
		576E1A8A1F95EF5700217B86 /* ViewController.swift in Sources */ = {isa = PBXBuildFile; fileRef = 576E1A891F95EF5700217B86 /* ViewController.swift */; };
		576E1A8D1F95EF5700217B86 /* Main.storyboard in Resources */ = {isa = PBXBuildFile; fileRef = 576E1A8B1F95EF5700217B86 /* Main.storyboard */; };
		576E1A8F1F95EF5700217B86 /* Assets.xcassets in Resources */ = {isa = PBXBuildFile; fileRef = 576E1A8E1F95EF5700217B86 /* Assets.xcassets */; };
		576E1A921F95EF5700217B86 /* LaunchScreen.storyboard in Resources */ = {isa = PBXBuildFile; fileRef = 576E1A901F95EF5700217B86 /* LaunchScreen.storyboard */; };
		576E1A9A1F95F01000217B86 /* avatar.jpg in Resources */ = {isa = PBXBuildFile; fileRef = 576E1A991F95F00D00217B86 /* avatar.jpg */; };
/* End PBXBuildFile section */

/* Begin PBXFileReference section */
		576E1A841F95EF5700217B86 /* LimitInputTextField.app */ = {isa = PBXFileReference; explicitFileType = wrapper.application; includeInIndex = 0; path = LimitInputTextField.app; sourceTree = BUILT_PRODUCTS_DIR; };
		576E1A871F95EF5700217B86 /* AppDelegate.swift */ = {isa = PBXFileReference; lastKnownFileType = sourcecode.swift; path = AppDelegate.swift; sourceTree = "<group>"; };
		576E1A891F95EF5700217B86 /* ViewController.swift */ = {isa = PBXFileReference; lastKnownFileType = sourcecode.swift; path = ViewController.swift; sourceTree = "<group>"; };
		576E1A8C1F95EF5700217B86 /* Base */ = {isa = PBXFileReference; lastKnownFileType = file.storyboard; name = Base; path = Base.lproj/Main.storyboard; sourceTree = "<group>"; };
		576E1A8E1F95EF5700217B86 /* Assets.xcassets */ = {isa = PBXFileReference; lastKnownFileType = folder.assetcatalog; path = Assets.xcassets; sourceTree = "<group>"; };
		576E1A911F95EF5700217B86 /* Base */ = {isa = PBXFileReference; lastKnownFileType = file.storyboard; name = Base; path = Base.lproj/LaunchScreen.storyboard; sourceTree = "<group>"; };
		576E1A931F95EF5700217B86 /* Info.plist */ = {isa = PBXFileReference; lastKnownFileType = text.plist.xml; path = Info.plist; sourceTree = "<group>"; };
		576E1A991F95F00D00217B86 /* avatar.jpg */ = {isa = PBXFileReference; lastKnownFileType = image.jpeg; path = avatar.jpg; sourceTree = "<group>"; };
/* End PBXFileReference section */

/* Begin PBXFrameworksBuildPhase section */
		576E1A811F95EF5700217B86 /* Frameworks */ = {
			isa = PBXFrameworksBuildPhase;
			buildActionMask = 2147483647;
			files = (
			);
			runOnlyForDeploymentPostprocessing = 0;
		};
/* End PBXFrameworksBuildPhase section */

/* Begin PBXGroup section */
		576E1A7B1F95EF5700217B86 = {
			isa = PBXGroup;
			children = (
				576E1A861F95EF5700217B86 /* LimitInputTextField */,
				576E1A851F95EF5700217B86 /* Products */,
			);
			sourceTree = "<group>";
		};
		576E1A851F95EF5700217B86 /* Products */ = {
			isa = PBXGroup;
			children = (
				576E1A841F95EF5700217B86 /* LimitInputTextField.app */,
			);
			name = Products;
			sourceTree = "<group>";
		};
		576E1A861F95EF5700217B86 /* LimitInputTextField */ = {
			isa = PBXGroup;
			children = (
				576E1A991F95F00D00217B86 /* avatar.jpg */,
				576E1A871F95EF5700217B86 /* AppDelegate.swift */,
				576E1A891F95EF5700217B86 /* ViewController.swift */,
				576E1A8B1F95EF5700217B86 /* Main.storyboard */,
				576E1A8E1F95EF5700217B86 /* Assets.xcassets */,
				576E1A901F95EF5700217B86 /* LaunchScreen.storyboard */,
				576E1A931F95EF5700217B86 /* Info.plist */,
			);
			path = LimitInputTextField;
			sourceTree = "<group>";
		};
/* End PBXGroup section */

/* Begin PBXNativeTarget section */
		576E1A831F95EF5700217B86 /* LimitInputTextField */ = {
			isa = PBXNativeTarget;
			buildConfigurationList = 576E1A961F95EF5700217B86 /* Build configuration list for PBXNativeTarget "LimitInputTextField" */;
			buildPhases = (
				576E1A801F95EF5700217B86 /* Sources */,
				576E1A811F95EF5700217B86 /* Frameworks */,
				576E1A821F95EF5700217B86 /* Resources */,
			);
			buildRules = (
			);
			dependencies = (
			);
			name = LimitInputTextField;
			productName = LimitInputTextField;
			productReference = 576E1A841F95EF5700217B86 /* LimitInputTextField.app */;
			productType = "com.apple.product-type.application";
		};
/* End PBXNativeTarget section */

/* Begin PBXProject section */
		576E1A7C1F95EF5700217B86 /* Project object */ = {
			isa = PBXProject;
			attributes = {
				LastSwiftUpdateCheck = 0900;
				LastUpgradeCheck = 0900;
				ORGANIZATIONNAME = Pluto;
				TargetAttributes = {
					576E1A831F95EF5700217B86 = {
						CreatedOnToolsVersion = 9.0;
						ProvisioningStyle = Automatic;
					};
				};
			};
			buildConfigurationList = 576E1A7F1F95EF5700217B86 /* Build configuration list for PBXProject "LimitInputTextField" */;
			compatibilityVersion = "Xcode 8.0";
			developmentRegion = en;
			hasScannedForEncodings = 0;
			knownRegions = (
				en,
				Base,
			);
			mainGroup = 576E1A7B1F95EF5700217B86;
			productRefGroup = 576E1A851F95EF5700217B86 /* Products */;
			projectDirPath = "";
			projectRoot = "";
			targets = (
				576E1A831F95EF5700217B86 /* LimitInputTextField */,
			);
		};
/* End PBXProject section */

/* Begin PBXResourcesBuildPhase section */
		576E1A821F95EF5700217B86 /* Resources */ = {
			isa = PBXResourcesBuildPhase;
			buildActionMask = 2147483647;
			files = (
				576E1A9A1F95F01000217B86 /* avatar.jpg in Resources */,
				576E1A921F95EF5700217B86 /* LaunchScreen.storyboard in Resources */,
				576E1A8F1F95EF5700217B86 /* Assets.xcassets in Resources */,
				576E1A8D1F95EF5700217B86 /* Main.storyboard in Resources */,
			);
			runOnlyForDeploymentPostprocessing = 0;
		};
/* End PBXResourcesBuildPhase section */

/* Begin PBXSourcesBuildPhase section */
		576E1A801F95EF5700217B86 /* Sources */ = {
			isa = PBXSourcesBuildPhase;
			buildActionMask = 2147483647;
			files = (
				576E1A8A1F95EF5700217B86 /* ViewController.swift in Sources */,
				576E1A881F95EF5700217B86 /* AppDelegate.swift in Sources */,
			);
			runOnlyForDeploymentPostprocessing = 0;
		};
/* End PBXSourcesBuildPhase section */

/* Begin PBXVariantGroup section */
		576E1A8B1F95EF5700217B86 /* Main.storyboard */ = {
			isa = PBXVariantGroup;
			children = (
				576E1A8C1F95EF5700217B86 /* Base */,
			);
			name = Main.storyboard;
			sourceTree = "<group>";
		};
		576E1A901F95EF5700217B86 /* LaunchScreen.storyboard */ = {
			isa = PBXVariantGroup;
			children = (
				576E1A911F95EF5700217B86 /* Base */,
			);
			name = LaunchScreen.storyboard;
			sourceTree = "<group>";
		};
/* End PBXVariantGroup section */

/* Begin XCBuildConfiguration section */
		576E1A941F95EF5700217B86 /* Debug */ = {
			isa = XCBuildConfiguration;
			buildSettings = {
				ALWAYS_SEARCH_USER_PATHS = NO;
				CLANG_ANALYZER_NONNULL = YES;
				CLANG_ANALYZER_NUMBER_OBJECT_CONVERSION = YES_AGGRESSIVE;
				CLANG_CXX_LANGUAGE_STANDARD = "gnu++14";
				CLANG_CXX_LIBRARY = "libc++";
				CLANG_ENABLE_MODULES = YES;
				CLANG_ENABLE_OBJC_ARC = YES;
				CLANG_WARN_BLOCK_CAPTURE_AUTORELEASING = YES;
				CLANG_WARN_BOOL_CONVERSION = YES;
				CLANG_WARN_COMMA = YES;
				CLANG_WARN_CONSTANT_CONVERSION = YES;
				CLANG_WARN_DIRECT_OBJC_ISA_USAGE = YES_ERROR;
				CLANG_WARN_DOCUMENTATION_COMMENTS = YES;
				CLANG_WARN_EMPTY_BODY = YES;
				CLANG_WARN_ENUM_CONVERSION = YES;
				CLANG_WARN_INFINITE_RECURSION = YES;
				CLANG_WARN_INT_CONVERSION = YES;
				CLANG_WARN_NON_LITERAL_NULL_CONVERSION = YES;
				CLANG_WARN_OBJC_LITERAL_CONVERSION = YES;
				CLANG_WARN_OBJC_ROOT_CLASS = YES_ERROR;
				CLANG_WARN_RANGE_LOOP_ANALYSIS = YES;
				CLANG_WARN_STRICT_PROTOTYPES = YES;
				CLANG_WARN_SUSPICIOUS_MOVE = YES;
				CLANG_WARN_UNGUARDED_AVAILABILITY = YES_AGGRESSIVE;
				CLANG_WARN_UNREACHABLE_CODE = YES;
				CLANG_WARN__DUPLICATE_METHOD_MATCH = YES;
				CODE_SIGN_IDENTITY = "iPhone Developer";
				COPY_PHASE_STRIP = NO;
				DEBUG_INFORMATION_FORMAT = dwarf;
				ENABLE_STRICT_OBJC_MSGSEND = YES;
				ENABLE_TESTABILITY = YES;
				GCC_C_LANGUAGE_STANDARD = gnu11;
				GCC_DYNAMIC_NO_PIC = NO;
				GCC_NO_COMMON_BLOCKS = YES;
				GCC_OPTIMIZATION_LEVEL = 0;
				GCC_PREPROCESSOR_DEFINITIONS = (
					"DEBUG=1",
					"$(inherited)",
				);
				GCC_WARN_64_TO_32_BIT_CONVERSION = YES;
				GCC_WARN_ABOUT_RETURN_TYPE = YES_ERROR;
				GCC_WARN_UNDECLARED_SELECTOR = YES;
				GCC_WARN_UNINITIALIZED_AUTOS = YES_AGGRESSIVE;
				GCC_WARN_UNUSED_FUNCTION = YES;
				GCC_WARN_UNUSED_VARIABLE = YES;
				IPHONEOS_DEPLOYMENT_TARGET = 11.0;
				MTL_ENABLE_DEBUG_INFO = YES;
				ONLY_ACTIVE_ARCH = YES;
				SDKROOT = iphoneos;
				SWIFT_ACTIVE_COMPILATION_CONDITIONS = DEBUG;
				SWIFT_OPTIMIZATION_LEVEL = "-Onone";
			};
			name = Debug;
		};
		576E1A951F95EF5700217B86 /* Release */ = {
			isa = XCBuildConfiguration;
			buildSettings = {
				ALWAYS_SEARCH_USER_PATHS = NO;
				CLANG_ANALYZER_NONNULL = YES;
				CLANG_ANALYZER_NUMBER_OBJECT_CONVERSION = YES_AGGRESSIVE;
				CLANG_CXX_LANGUAGE_STANDARD = "gnu++14";
				CLANG_CXX_LIBRARY = "libc++";
				CLANG_ENABLE_MODULES = YES;
				CLANG_ENABLE_OBJC_ARC = YES;
				CLANG_WARN_BLOCK_CAPTURE_AUTORELEASING = YES;
				CLANG_WARN_BOOL_CONVERSION = YES;
				CLANG_WARN_COMMA = YES;
				CLANG_WARN_CONSTANT_CONVERSION = YES;
				CLANG_WARN_DIRECT_OBJC_ISA_USAGE = YES_ERROR;
				CLANG_WARN_DOCUMENTATION_COMMENTS = YES;
				CLANG_WARN_EMPTY_BODY = YES;
				CLANG_WARN_ENUM_CONVERSION = YES;
				CLANG_WARN_INFINITE_RECURSION = YES;
				CLANG_WARN_INT_CONVERSION = YES;
				CLANG_WARN_NON_LITERAL_NULL_CONVERSION = YES;
				CLANG_WARN_OBJC_LITERAL_CONVERSION = YES;
				CLANG_WARN_OBJC_ROOT_CLASS = YES_ERROR;
				CLANG_WARN_RANGE_LOOP_ANALYSIS = YES;
				CLANG_WARN_STRICT_PROTOTYPES = YES;
				CLANG_WARN_SUSPICIOUS_MOVE = YES;
				CLANG_WARN_UNGUARDED_AVAILABILITY = YES_AGGRESSIVE;
				CLANG_WARN_UNREACHABLE_CODE = YES;
				CLANG_WARN__DUPLICATE_METHOD_MATCH = YES;
				CODE_SIGN_IDENTITY = "iPhone Developer";
				COPY_PHASE_STRIP = NO;
				DEBUG_INFORMATION_FORMAT = "dwarf-with-dsym";
				ENABLE_NS_ASSERTIONS = NO;
				ENABLE_STRICT_OBJC_MSGSEND = YES;
				GCC_C_LANGUAGE_STANDARD = gnu11;
				GCC_NO_COMMON_BLOCKS = YES;
				GCC_WARN_64_TO_32_BIT_CONVERSION = YES;
				GCC_WARN_ABOUT_RETURN_TYPE = YES_ERROR;
				GCC_WARN_UNDECLARED_SELECTOR = YES;
				GCC_WARN_UNINITIALIZED_AUTOS = YES_AGGRESSIVE;
				GCC_WARN_UNUSED_FUNCTION = YES;
				GCC_WARN_UNUSED_VARIABLE = YES;
				IPHONEOS_DEPLOYMENT_TARGET = 11.0;
				MTL_ENABLE_DEBUG_INFO = NO;
				SDKROOT = iphoneos;
				SWIFT_OPTIMIZATION_LEVEL = "-Owholemodule";
				VALIDATE_PRODUCT = YES;
			};
			name = Release;
		};
		576E1A971F95EF5700217B86 /* Debug */ = {
			isa = XCBuildConfiguration;
			buildSettings = {
				ASSETCATALOG_COMPILER_APPICON_NAME = AppIcon;
				CODE_SIGN_STYLE = Automatic;
				INFOPLIST_FILE = LimitInputTextField/Info.plist;
				LD_RUNPATH_SEARCH_PATHS = "$(inherited) @executable_path/Frameworks";
				PRODUCT_BUNDLE_IDENTIFIER = cn.com.Pluto.LimitInputTextField;
				PRODUCT_NAME = "$(TARGET_NAME)";
				SWIFT_VERSION = 4.0;
				TARGETED_DEVICE_FAMILY = "1,2";
			};
			name = Debug;
		};
		576E1A981F95EF5700217B86 /* Release */ = {
			isa = XCBuildConfiguration;
			buildSettings = {
				ASSETCATALOG_COMPILER_APPICON_NAME = AppIcon;
				CODE_SIGN_STYLE = Automatic;
				INFOPLIST_FILE = LimitInputTextField/Info.plist;
				LD_RUNPATH_SEARCH_PATHS = "$(inherited) @executable_path/Frameworks";
				PRODUCT_BUNDLE_IDENTIFIER = cn.com.Pluto.LimitInputTextField;
				PRODUCT_NAME = "$(TARGET_NAME)";
				SWIFT_VERSION = 4.0;
				TARGETED_DEVICE_FAMILY = "1,2";
			};
			name = Release;
		};
/* End XCBuildConfiguration section */

/* Begin XCConfigurationList section */
		576E1A7F1F95EF5700217B86 /* Build configuration list for PBXProject "LimitInputTextField" */ = {
			isa = XCConfigurationList;
			buildConfigurations = (
				576E1A941F95EF5700217B86 /* Debug */,
				576E1A951F95EF5700217B86 /* Release */,
			);
			defaultConfigurationIsVisible = 0;
			defaultConfigurationName = Release;
		};
		576E1A961F95EF5700217B86 /* Build configuration list for PBXNativeTarget "LimitInputTextField" */ = {
			isa = XCConfigurationList;
			buildConfigurations = (
				576E1A971F95EF5700217B86 /* Debug */,
				576E1A981F95EF5700217B86 /* Release */,
			);
			defaultConfigurationIsVisible = 0;
			defaultConfigurationName = Release;
		};
/* End XCConfigurationList section */
	};
	rootObject = 576E1A7C1F95EF5700217B86 /* Project object */;
}
